{
  "nodes": {
    "alejandra": {
      "inputs": {
        "fenix": "fenix",
        "flakeCompat": "flakeCompat",
        "nixpkgs": [
          "nixpkgs"
        ]
      },
      "locked": {
        "lastModified": 1730688725,
        "narHash": "sha256-g0SSfTWZ5mtMOpQic+eqq9sXMy1E/7yKxxfupZd9V4A=",
        "owner": "kamadorueda",
        "repo": "alejandra",
        "rev": "2bb91e309ca99656addff5c74545acbf5813636d",
        "type": "github"
      },
      "original": {
        "owner": "kamadorueda",
        "ref": "3.1.0",
        "repo": "alejandra",
        "type": "github"
      }
    },
    "buffer-manager": {
      "flake": false,
      "locked": {
        "lastModified": 1738607471,
        "narHash": "sha256-sIkz5jkt+VkZNbiHRB7E+ttcm9XNtDiI/2sTyyYd1gg=",
        "owner": "j-morano",
        "repo": "buffer_manager.nvim",
        "rev": "03df0142e60cdf3827d270f01ccb36999d5a4e08",
        "type": "github"
      },
      "original": {
        "owner": "j-morano",
        "repo": "buffer_manager.nvim",
        "type": "github"
      }
    },
    "fenix": {
      "inputs": {
        "nixpkgs": [
          "alejandra",
          "nixpkgs"
        ],
        "rust-analyzer-src": "rust-analyzer-src"
      },
      "locked": {
        "lastModified": 1730615655,
        "narHash": "sha256-2HBR3zLn57LXKNRtxBb+O+uDqHM4n0pz51rPayMl4cg=",
        "owner": "nix-community",
        "repo": "fenix",
        "rev": "efeb50e2535b17ffd4a135e6e3e5fd60a525180c",
        "type": "github"
      },
      "original": {
        "owner": "nix-community",
        "repo": "fenix",
        "type": "github"
      }
    },
    "flake-parts": {
      "inputs": {
        "nixpkgs-lib": [
          "nixvim",
          "nixpkgs"
        ]
      },
      "locked": {
        "lastModified": 1741352980,
        "narHash": "sha256-+u2UunDA4Cl5Fci3m7S643HzKmIDAe+fiXrLqYsR2fs=",
        "owner": "hercules-ci",
        "repo": "flake-parts",
        "rev": "f4330d22f1c5d2ba72d3d22df5597d123fdb60a9",
        "type": "github"
      },
      "original": {
        "owner": "hercules-ci",
        "repo": "flake-parts",
        "type": "github"
      }
    },
    "flake-utils": {
      "inputs": {
        "systems": "systems"
      },
      "locked": {
        "lastModified": 1731533236,
        "narHash": "sha256-l0KFg5HjrsfsO/JpG+r7fRrqm12kzFHyUHqHCVpMMbI=",
        "owner": "numtide",
        "repo": "flake-utils",
        "rev": "11707dc2f618dd54ca8739b309ec4fc024de578b",
        "type": "github"
      },
      "original": {
        "owner": "numtide",
        "repo": "flake-utils",
        "type": "github"
      }
    },
    "flake-utils_2": {
      "inputs": {
        "systems": "systems_2"
      },
      "locked": {
        "lastModified": 1681202837,
        "narHash": "sha256-H+Rh19JDwRtpVPAWp64F+rlEtxUWBAQW28eAi3SRSzg=",
        "owner": "numtide",
        "repo": "flake-utils",
        "rev": "cfacdce06f30d2b68473a46042957675eebb3401",
        "type": "github"
      },
      "original": {
        "owner": "numtide",
        "repo": "flake-utils",
        "type": "github"
      }
    },
    "flakeCompat": {
      "flake": false,
      "locked": {
        "lastModified": 1696426674,
        "narHash": "sha256-kvjfFW7WAETZlt09AgDn1MrtKzP7t90Vf7vypd3OL1U=",
        "owner": "edolstra",
        "repo": "flake-compat",
        "rev": "0f9255e01c2351cc7d116c072cb317785dd33b33",
        "type": "github"
      },
      "original": {
        "owner": "edolstra",
        "repo": "flake-compat",
        "type": "github"
      }
    },
    "home-manager": {
      "inputs": {
        "nixpkgs": [
          "nixpkgs"
        ]
      },
      "locked": {
        "lastModified": 1743295846,
        "narHash": "sha256-hKKz07d4RV9gzxzE5Qu3RQWX8a7XpzRrP5timoxoGRQ=",
        "owner": "nix-community",
        "repo": "home-manager",
        "rev": "717030011980e9eb31eb8ce011261dd532bce92c",
        "type": "github"
      },
      "original": {
        "owner": "nix-community",
        "ref": "master",
        "repo": "home-manager",
        "type": "github"
      }
    },
    "ixx": {
      "inputs": {
        "flake-utils": [
          "nixvim",
          "nuschtosSearch",
          "flake-utils"
        ],
        "nixpkgs": [
          "nixvim",
          "nuschtosSearch",
          "nixpkgs"
        ]
      },
      "locked": {
        "lastModified": 1729958008,
        "narHash": "sha256-EiOq8jF4Z/zQe0QYVc3+qSKxRK//CFHMB84aYrYGwEs=",
        "owner": "NuschtOS",
        "repo": "ixx",
        "rev": "9fd01aad037f345350eab2cd45e1946cc66da4eb",
        "type": "github"
      },
      "original": {
        "owner": "NuschtOS",
        "ref": "v0.0.6",
        "repo": "ixx",
        "type": "github"
      }
    },
    "md-pdf": {
      "flake": false,
      "locked": {
        "lastModified": 1738605516,
        "narHash": "sha256-/osiFDbkW8kILReMDWtQY85/GcQAfSO4U43rUt4EAkU=",
        "owner": "arminveres",
        "repo": "md-pdf.nvim",
        "rev": "d9f1523b26339f8d0d6a11bd49887c8a5d59ea80",
        "type": "github"
      },
      "original": {
        "owner": "arminveres",
        "repo": "md-pdf.nvim",
        "type": "github"
      }
    },
    "minintro": {
      "flake": false,
      "locked": {
        "lastModified": 1728113253,
        "narHash": "sha256-p+23YTfVoozuRQN5wm1Ga3kHdvSZi/YoLAAkaJuQtXw=",
        "owner": "eoh-bse",
        "repo": "minintro.nvim",
        "rev": "a4cc6e9e3f0368fa35e3fa95b4aed840ab978a51",
        "type": "github"
      },
      "original": {
        "owner": "eoh-bse",
        "repo": "minintro.nvim",
        "type": "github"
      }
    },
    "nixpkgs": {
      "locked": {
        "lastModified": 1743095683,
        "narHash": "sha256-gWd4urRoLRe8GLVC/3rYRae1h+xfQzt09xOfb0PaHSk=",
        "owner": "NixOS",
        "repo": "nixpkgs",
        "rev": "5e5402ecbcb27af32284d4a62553c019a3a49ea6",
        "type": "github"
      },
      "original": {
        "owner": "NixOS",
        "ref": "nixos-unstable",
        "repo": "nixpkgs",
        "type": "github"
      }
    },
    "nixpkgs_2": {
      "locked": {
        "lastModified": 1742800061,
        "narHash": "sha256-oDJGK1UMArK52vcW9S5S2apeec4rbfNELgc50LqiPNs=",
        "owner": "NixOS",
        "repo": "nixpkgs",
        "rev": "1750f3c1c89488e2ffdd47cab9d05454dddfb734",
        "type": "github"
      },
      "original": {
        "owner": "NixOS",
        "ref": "nixpkgs-unstable",
        "repo": "nixpkgs",
        "type": "github"
      }
    },
    "nixpkgs_3": {
      "locked": {
        "lastModified": 1738553537,
        "narHash": "sha256-HrrsuYIOl14dreCDUsXQGrWxdiU8LPKxcIo759jUk6Q=",
        "owner": "nixos",
        "repo": "nixpkgs",
        "rev": "2d31b9476b7c6f5b029e595586b0b112a7ad130b",
        "type": "github"
      },
      "original": {
        "owner": "nixos",
        "ref": "nixpkgs-unstable",
        "repo": "nixpkgs",
        "type": "github"
      }
    },
    "nixpkgs_4": {
      "locked": {
        "lastModified": 1682134069,
        "narHash": "sha256-TnI/ZXSmRxQDt2sjRYK/8j8iha4B4zP2cnQCZZ3vp7k=",
        "owner": "NixOS",
        "repo": "nixpkgs",
        "rev": "fd901ef4bf93499374c5af385b2943f5801c0833",
        "type": "github"
      },
      "original": {
        "id": "nixpkgs",
        "type": "indirect"
      }
    },
    "nixvim": {
      "inputs": {
        "flake-parts": "flake-parts",
        "nixpkgs": "nixpkgs_2",
        "nuschtosSearch": "nuschtosSearch"
      },
      "locked": {
        "lastModified": 1743288994,
        "narHash": "sha256-hUlfAcIUnS8/eSFq+uzOHPZO1p8QgBTAoqhDWzEkUto=",
        "owner": "nix-community",
        "repo": "nixvim",
        "rev": "81fdde9fc529e0a5f9ff0d570f31acfe85fd20ac",
        "type": "github"
      },
      "original": {
        "owner": "nix-community",
        "repo": "nixvim",
        "type": "github"
      }
    },
    "nuschtosSearch": {
      "inputs": {
        "flake-utils": "flake-utils",
        "ixx": "ixx",
        "nixpkgs": [
          "nixvim",
          "nixpkgs"
        ]
      },
      "locked": {
        "lastModified": 1742659553,
        "narHash": "sha256-i/JCrr/jApVorI9GkSV5to+USrRCa0rWuQDH8JSlK2A=",
        "owner": "NuschtOS",
        "repo": "search",
        "rev": "508752835128a3977985a4d5225ff241f7756181",
        "type": "github"
      },
      "original": {
        "owner": "NuschtOS",
        "repo": "search",
        "type": "github"
      }
    },
    "nvix": {
      "inputs": {
        "buffer-manager": "buffer-manager",
        "flake-parts": [
          "nixvim",
          "flake-parts"
        ],
        "md-pdf": "md-pdf",
        "minintro": "minintro",
        "nixpkgs": "nixpkgs_3",
        "nixvim": [
          "nixvim"
        ],
        "oil-lsp-diagnostics": "oil-lsp-diagnostics",
        "oil-vcs-status": "oil-vcs-status",
        "tokyodark": "tokyodark"
      },
      "locked": {
        "lastModified": 1739093857,
        "narHash": "sha256-aUXDcR/z96uq65cRkvgaVVgutWoclJCnDb3LsJ8qArQ=",
        "owner": "krishukr",
        "repo": "nvix",
        "rev": "ce1b2336380925470ab13573a3871c661feca612",
        "type": "github"
      },
      "original": {
        "owner": "krishukr",
        "repo": "nvix",
        "type": "github"
      }
    },
    "oil-lsp-diagnostics": {
      "flake": false,
      "locked": {
        "lastModified": 1737554594,
        "narHash": "sha256-E8jukH3I8XDdgrG4XHCo9AuFbY0sLX24pjk054xmB9E=",
        "owner": "JezerM",
        "repo": "oil-lsp-diagnostics.nvim",
        "rev": "e04e3c387262b958fee75382f8ff66eae9d037f4",
        "type": "github"
      },
      "original": {
        "owner": "JezerM",
        "repo": "oil-lsp-diagnostics.nvim",
        "type": "github"
      }
    },
    "oil-vcs-status": {
      "flake": false,
      "locked": {
        "lastModified": 1737881301,
        "narHash": "sha256-ZxzrGMxD1YOa+3NutEopurrHo7RwWD1GvikWxB1t/VA=",
        "owner": "SirZenith",
        "repo": "oil-vcs-status",
        "rev": "e0dd01a19f521b2393018e8466d46120a8ffba71",
        "type": "github"
      },
      "original": {
        "owner": "SirZenith",
        "repo": "oil-vcs-status",
        "type": "github"
      }
    },
    "root": {
      "inputs": {
        "alejandra": "alejandra",
        "home-manager": "home-manager",
        "nixpkgs": "nixpkgs",
        "nixvim": "nixvim",
        "nvix": "nvix",
        "vscode-server": "vscode-server"
      }
    },
    "rust-analyzer-src": {
      "flake": false,
      "locked": {
        "lastModified": 1730555913,
        "narHash": "sha256-KNHZUlqsEibg3YtfUyOFQSofP8hp1HKoY+laoesBxRM=",
        "owner": "rust-lang",
        "repo": "rust-analyzer",
        "rev": "f17a5bbfd0969ba2e63a74505a80e55ecb174ed9",
        "type": "github"
      },
      "original": {
        "owner": "rust-lang",
        "ref": "nightly",
        "repo": "rust-analyzer",
        "type": "github"
      }
    },
    "systems": {
      "locked": {
        "lastModified": 1681028828,
        "narHash": "sha256-Vy1rq5AaRuLzOxct8nz4T6wlgyUR7zLU309k9mBC768=",
        "owner": "nix-systems",
        "repo": "default",
        "rev": "da67096a3b9bf56a91d16901293e51ba5b49a27e",
        "type": "github"
      },
      "original": {
        "owner": "nix-systems",
        "repo": "default",
        "type": "github"
      }
    },
    "systems_2": {
      "locked": {
        "lastModified": 1681028828,
        "narHash": "sha256-Vy1rq5AaRuLzOxct8nz4T6wlgyUR7zLU309k9mBC768=",
        "owner": "nix-systems",
        "repo": "default",
        "rev": "da67096a3b9bf56a91d16901293e51ba5b49a27e",
        "type": "github"
      },
      "original": {
        "owner": "nix-systems",
        "repo": "default",
        "type": "github"
      }
    },
    "tokyodark": {
      "flake": false,
      "locked": {
        "lastModified": 1735789280,
        "narHash": "sha256-pEnA8s1666HYnHkpN1Xtni+W8vVy+AeUr5z7WY2RLo4=",
        "owner": "tiagovla",
        "repo": "tokyodark.nvim",
        "rev": "cc70a2fb809d5376f2bd8e5836f9bb3f5fb8ef43",
        "type": "github"
      },
      "original": {
        "owner": "tiagovla",
        "repo": "tokyodark.nvim",
        "type": "github"
      }
    },
    "vscode-server": {
      "inputs": {
        "flake-utils": "flake-utils_2",
        "nixpkgs": "nixpkgs_4"
      },
      "locked": {
        "lastModified": 1729422940,
        "narHash": "sha256-DlvJv33ml5UTKgu4b0HauOfFIoDx6QXtbqUF3vWeRCY=",
        "owner": "nix-community",
        "repo": "nixos-vscode-server",
        "rev": "8b6db451de46ecf9b4ab3d01ef76e59957ff549f",
        "type": "github"
      },
      "original": {
        "owner": "nix-community",
        "repo": "nixos-vscode-server",
        "type": "github"
      }
    }
  },
  "root": "root",
  "version": 7
}
