{
  "nodes": {
    "alejandra": {
      "inputs": {
        "fenix": "fenix",
        "flakeCompat": "flakeCompat",
        "nixpkgs": [
          "nixpkgs"
        ]
      },
      "locked": {
        "lastModified": 1730688725,
        "narHash": "sha256-g0SSfTWZ5mtMOpQic+eqq9sXMy1E/7yKxxfupZd9V4A=",
        "owner": "kamadorueda",
        "repo": "alejandra",
        "rev": "2bb91e309ca99656addff5c74545acbf5813636d",
        "type": "github"
      },
      "original": {
        "owner": "kamadorueda",
        "ref": "3.1.0",
        "repo": "alejandra",
        "type": "github"
      }
    },
    "buffer-manager": {
      "flake": false,
      "locked": {
        "lastModified": 1745514089,
        "narHash": "sha256-t3runUJzZRYh2FeTFN7d4ErJuoj6U1iKaB/SUiy9ei8=",
        "owner": "j-morano",
        "repo": "buffer_manager.nvim",
        "rev": "d82035f35c3a24aa5b7d13c511890bdcc8c33976",
        "type": "github"
      },
      "original": {
        "owner": "j-morano",
        "repo": "buffer_manager.nvim",
        "type": "github"
      }
    },
    "fenix": {
      "inputs": {
        "nixpkgs": [
          "alejandra",
          "nixpkgs"
        ],
        "rust-analyzer-src": "rust-analyzer-src"
      },
      "locked": {
        "lastModified": 1730615655,
        "narHash": "sha256-2HBR3zLn57LXKNRtxBb+O+uDqHM4n0pz51rPayMl4cg=",
        "owner": "nix-community",
        "repo": "fenix",
        "rev": "efeb50e2535b17ffd4a135e6e3e5fd60a525180c",
        "type": "github"
      },
      "original": {
        "owner": "nix-community",
        "repo": "fenix",
        "type": "github"
      }
    },
    "flake-parts": {
      "inputs": {
        "nixpkgs-lib": [
          "nixvim",
          "nixpkgs"
        ]
      },
      "locked": {
        "lastModified": 1749398372,
        "narHash": "sha256-tYBdgS56eXYaWVW3fsnPQ/nFlgWi/Z2Ymhyu21zVM98=",
        "owner": "hercules-ci",
        "repo": "flake-parts",
        "rev": "9305fe4e5c2a6fcf5ba6a3ff155720fbe4076569",
        "type": "github"
      },
      "original": {
        "owner": "hercules-ci",
        "repo": "flake-parts",
        "type": "github"
      }
    },
    "flake-utils": {
      "inputs": {
        "systems": "systems"
      },
      "locked": {
        "lastModified": 1731533236,
        "narHash": "sha256-l0KFg5HjrsfsO/JpG+r7fRrqm12kzFHyUHqHCVpMMbI=",
        "owner": "numtide",
        "repo": "flake-utils",
        "rev": "11707dc2f618dd54ca8739b309ec4fc024de578b",
        "type": "github"
      },
      "original": {
        "owner": "numtide",
        "repo": "flake-utils",
        "type": "github"
      }
    },
    "flake-utils_2": {
      "inputs": {
        "systems": "systems_3"
      },
      "locked": {
        "lastModified": 1681202837,
        "narHash": "sha256-H+Rh19JDwRtpVPAWp64F+rlEtxUWBAQW28eAi3SRSzg=",
        "owner": "numtide",
        "repo": "flake-utils",
        "rev": "cfacdce06f30d2b68473a46042957675eebb3401",
        "type": "github"
      },
      "original": {
        "owner": "numtide",
        "repo": "flake-utils",
        "type": "github"
      }
    },
    "flakeCompat": {
      "flake": false,
      "locked": {
        "lastModified": 1696426674,
        "narHash": "sha256-kvjfFW7WAETZlt09AgDn1MrtKzP7t90Vf7vypd3OL1U=",
        "owner": "edolstra",
        "repo": "flake-compat",
        "rev": "0f9255e01c2351cc7d116c072cb317785dd33b33",
        "type": "github"
      },
      "original": {
        "owner": "edolstra",
        "repo": "flake-compat",
        "type": "github"
      }
    },
    "home-manager": {
      "inputs": {
        "nixpkgs": [
          "nixpkgs"
        ]
      },
      "locked": {
        "lastModified": 1749628652,
        "narHash": "sha256-f8jDF4G9m7pPySeQc6KskqMgtcJq6X1o2CytMx66qAE=",
        "owner": "nix-community",
        "repo": "home-manager",
        "rev": "450f06ec3cd0d86f67db58a7245db8848773e895",
        "type": "github"
      },
      "original": {
        "owner": "nix-community",
        "ref": "master",
        "repo": "home-manager",
        "type": "github"
      }
    },
    "ixx": {
      "inputs": {
        "flake-utils": [
          "nixvim",
          "nuschtosSearch",
          "flake-utils"
        ],
        "nixpkgs": [
          "nixvim",
          "nuschtosSearch",
          "nixpkgs"
        ]
      },
      "locked": {
        "lastModified": 1748294338,
        "narHash": "sha256-FVO01jdmUNArzBS7NmaktLdGA5qA3lUMJ4B7a05Iynw=",
        "owner": "NuschtOS",
        "repo": "ixx",
        "rev": "cc5f390f7caf265461d4aab37e98d2292ebbdb85",
        "type": "github"
      },
      "original": {
        "owner": "NuschtOS",
        "ref": "v0.0.8",
        "repo": "ixx",
        "type": "github"
      }
    },
    "md-pdf": {
      "flake": false,
      "locked": {
        "lastModified": 1738605516,
        "narHash": "sha256-/osiFDbkW8kILReMDWtQY85/GcQAfSO4U43rUt4EAkU=",
        "owner": "arminveres",
        "repo": "md-pdf.nvim",
        "rev": "d9f1523b26339f8d0d6a11bd49887c8a5d59ea80",
        "type": "github"
      },
      "original": {
        "owner": "arminveres",
        "repo": "md-pdf.nvim",
        "type": "github"
      }
    },
    "niri": {
      "inputs": {
        "niri-stable": "niri-stable",
        "niri-unstable": "niri-unstable",
        "nixpkgs": [
          "nixpkgs"
        ],
        "nixpkgs-stable": "nixpkgs-stable",
        "xwayland-satellite-stable": "xwayland-satellite-stable",
        "xwayland-satellite-unstable": "xwayland-satellite-unstable"
      },
      "locked": {
        "lastModified": 1749639406,
        "narHash": "sha256-uRWykdzOlpdXfAZAJLPdBD3y25Gnk9qxAlpGaTfcZLA=",
        "owner": "sodiboo",
        "repo": "niri-flake",
        "rev": "a38e8adc092396b2f5e288d91573086da4fd0cfc",
        "type": "github"
      },
      "original": {
        "owner": "sodiboo",
        "repo": "niri-flake",
        "type": "github"
      }
    },
    "niri-stable": {
      "flake": false,
      "locked": {
        "lastModified": 1740117926,
        "narHash": "sha256-mTTHA0RAaQcdYe+9A3Jx77cmmyLFHmRoZdd8RpWa+m8=",
        "owner": "YaLTeR",
        "repo": "niri",
        "rev": "b94a5db8790339cf9134873d8b490be69e02ac71",
        "type": "github"
      },
      "original": {
        "owner": "YaLTeR",
        "ref": "v25.02",
        "repo": "niri",
        "type": "github"
      }
    },
    "niri-unstable": {
      "flake": false,
      "locked": {
        "lastModified": 1749634836,
        "narHash": "sha256-V2QM8Gz2rtqn13+1eKGDl4PugfIbvlWt/9ln3Mzkbv0=",
        "owner": "YaLTeR",
        "repo": "niri",
        "rev": "07080a0431d86d64efed6fa557c2a02cb9041e93",
        "type": "github"
      },
      "original": {
        "owner": "YaLTeR",
        "repo": "niri",
        "type": "github"
      }
    },
    "nixpkgs": {
      "locked": {
        "lastModified": 1749285348,
        "narHash": "sha256-frdhQvPbmDYaScPFiCnfdh3B/Vh81Uuoo0w5TkWmmjU=",
        "owner": "NixOS",
        "repo": "nixpkgs",
        "rev": "3e3afe5174c561dee0df6f2c2b2236990146329f",
        "type": "github"
      },
      "original": {
        "owner": "NixOS",
        "ref": "nixos-unstable",
        "repo": "nixpkgs",
        "type": "github"
      }
    },
    "nixpkgs-stable": {
      "locked": {
        "lastModified": 1749494155,
        "narHash": "sha256-FG4DEYBpROupu758beabUk9lhrblSf5hnv84v1TLqMc=",
        "owner": "NixOS",
        "repo": "nixpkgs",
        "rev": "88331c17ba434359491e8d5889cce872464052c2",
        "type": "github"
      },
      "original": {
        "owner": "NixOS",
        "ref": "nixos-25.05",
        "repo": "nixpkgs",
        "type": "github"
      }
    },
    "nixpkgs_2": {
      "locked": {
        "lastModified": 1749523198,
        "narHash": "sha256-How2kQw0psKmCdXgojc95Sf3K5maHB3qfINxTZFCAPM=",
        "owner": "NixOS",
        "repo": "nixpkgs",
        "rev": "cdc68935eba9f86d155585fdf6f17af6824f38ac",
        "type": "github"
      },
      "original": {
        "owner": "NixOS",
        "ref": "nixpkgs-unstable",
        "repo": "nixpkgs",
        "type": "github"
      }
    },
    "nixpkgs_3": {
      "locked": {
        "lastModified": 1747728033,
        "narHash": "sha256-NnXFQu7g4LnvPIPfJmBuZF7LFy/fey2g2+LCzjQhTUk=",
        "owner": "nixos",
        "repo": "nixpkgs",
        "rev": "2f9173bde1d3fbf1ad26ff6d52f952f9e9da52ea",
        "type": "github"
      },
      "original": {
        "owner": "nixos",
        "ref": "nixpkgs-unstable",
        "repo": "nixpkgs",
        "type": "github"
      }
    },
    "nixpkgs_4": {
      "locked": {
        "lastModified": 1682134069,
        "narHash": "sha256-TnI/ZXSmRxQDt2sjRYK/8j8iha4B4zP2cnQCZZ3vp7k=",
        "owner": "NixOS",
        "repo": "nixpkgs",
        "rev": "fd901ef4bf93499374c5af385b2943f5801c0833",
        "type": "github"
      },
      "original": {
        "id": "nixpkgs",
        "type": "indirect"
      }
    },
    "nixvim": {
      "inputs": {
        "flake-parts": "flake-parts",
        "nixpkgs": "nixpkgs_2",
        "nuschtosSearch": "nuschtosSearch",
        "systems": "systems_2"
      },
      "locked": {
        "lastModified": 1749637256,
        "narHash": "sha256-EIO9PWqpni0TyOo5jmb/HEqoxY0lqtBj2Cx4HQwMLcM=",
        "owner": "nix-community",
        "repo": "nixvim",
        "rev": "45441d876c061048ad00960127ec857e05153244",
        "type": "github"
      },
      "original": {
        "owner": "nix-community",
        "repo": "nixvim",
        "type": "github"
      }
    },
    "nuschtosSearch": {
      "inputs": {
        "flake-utils": "flake-utils",
        "ixx": "ixx",
        "nixpkgs": [
          "nixvim",
          "nixpkgs"
        ]
      },
      "locked": {
        "lastModified": 1749531675,
        "narHash": "sha256-UB8Mc88rW9frjpJ1Fj2ro7f07Gg8dX3uVXvMXnFR4CE=",
        "owner": "NuschtOS",
        "repo": "search",
        "rev": "4029d450d0266909ee52775849b7da54e79b328e",
        "type": "github"
      },
      "original": {
        "owner": "NuschtOS",
        "repo": "search",
        "type": "github"
      }
    },
    "nvix": {
      "inputs": {
        "buffer-manager": "buffer-manager",
        "flake-parts": [
          "nixvim",
          "flake-parts"
        ],
        "md-pdf": "md-pdf",
        "nixpkgs": "nixpkgs_3",
        "nixvim": [
          "nixvim"
        ],
        "oil-lsp-diagnostics": "oil-lsp-diagnostics",
        "oil-vcs-status": "oil-vcs-status",
        "tokyodark": "tokyodark"
      },
      "locked": {
        "lastModified": 1748660850,
        "narHash": "sha256-mLkEMaPvV/AwcJxDbudqi99nl6MgJt1afQALSezCFkE=",
        "owner": "krishukr",
        "repo": "nvix",
        "rev": "2ea2a6d8f49582b1423ef29066923263f91db07a",
        "type": "github"
      },
      "original": {
        "owner": "krishukr",
        "repo": "nvix",
        "type": "github"
      }
    },
    "oil-lsp-diagnostics": {
      "flake": false,
      "locked": {
        "lastModified": 1737554594,
        "narHash": "sha256-E8jukH3I8XDdgrG4XHCo9AuFbY0sLX24pjk054xmB9E=",
        "owner": "JezerM",
        "repo": "oil-lsp-diagnostics.nvim",
        "rev": "e04e3c387262b958fee75382f8ff66eae9d037f4",
        "type": "github"
      },
      "original": {
        "owner": "JezerM",
        "repo": "oil-lsp-diagnostics.nvim",
        "type": "github"
      }
    },
    "oil-vcs-status": {
      "flake": false,
      "locked": {
        "lastModified": 1737881301,
        "narHash": "sha256-ZxzrGMxD1YOa+3NutEopurrHo7RwWD1GvikWxB1t/VA=",
        "owner": "SirZenith",
        "repo": "oil-vcs-status",
        "rev": "e0dd01a19f521b2393018e8466d46120a8ffba71",
        "type": "github"
      },
      "original": {
        "owner": "SirZenith",
        "repo": "oil-vcs-status",
        "type": "github"
      }
    },
    "root": {
      "inputs": {
        "alejandra": "alejandra",
        "home-manager": "home-manager",
        "niri": "niri",
        "nix-darwin": [
          "nixpkgs"
        ],
        "nixpkgs": "nixpkgs",
        "nixvim": "nixvim",
        "nvix": "nvix",
        "vscode-server": "vscode-server"
      }
    },
    "rust-analyzer-src": {
      "flake": false,
      "locked": {
        "lastModified": 1730555913,
        "narHash": "sha256-KNHZUlqsEibg3YtfUyOFQSofP8hp1HKoY+laoesBxRM=",
        "owner": "rust-lang",
        "repo": "rust-analyzer",
        "rev": "f17a5bbfd0969ba2e63a74505a80e55ecb174ed9",
        "type": "github"
      },
      "original": {
        "owner": "rust-lang",
        "ref": "nightly",
        "repo": "rust-analyzer",
        "type": "github"
      }
    },
    "systems": {
      "locked": {
        "lastModified": 1681028828,
        "narHash": "sha256-Vy1rq5AaRuLzOxct8nz4T6wlgyUR7zLU309k9mBC768=",
        "owner": "nix-systems",
        "repo": "default",
        "rev": "da67096a3b9bf56a91d16901293e51ba5b49a27e",
        "type": "github"
      },
      "original": {
        "owner": "nix-systems",
        "repo": "default",
        "type": "github"
      }
    },
    "systems_2": {
      "locked": {
        "lastModified": 1681028828,
        "narHash": "sha256-Vy1rq5AaRuLzOxct8nz4T6wlgyUR7zLU309k9mBC768=",
        "owner": "nix-systems",
        "repo": "default",
        "rev": "da67096a3b9bf56a91d16901293e51ba5b49a27e",
        "type": "github"
      },
      "original": {
        "owner": "nix-systems",
        "repo": "default",
        "type": "github"
      }
    },
    "systems_3": {
      "locked": {
        "lastModified": 1681028828,
        "narHash": "sha256-Vy1rq5AaRuLzOxct8nz4T6wlgyUR7zLU309k9mBC768=",
        "owner": "nix-systems",
        "repo": "default",
        "rev": "da67096a3b9bf56a91d16901293e51ba5b49a27e",
        "type": "github"
      },
      "original": {
        "owner": "nix-systems",
        "repo": "default",
        "type": "github"
      }
    },
    "tokyodark": {
      "flake": false,
      "locked": {
        "lastModified": 1735789280,
        "narHash": "sha256-pEnA8s1666HYnHkpN1Xtni+W8vVy+AeUr5z7WY2RLo4=",
        "owner": "tiagovla",
        "repo": "tokyodark.nvim",
        "rev": "cc70a2fb809d5376f2bd8e5836f9bb3f5fb8ef43",
        "type": "github"
      },
      "original": {
        "owner": "tiagovla",
        "repo": "tokyodark.nvim",
        "type": "github"
      }
    },
    "vscode-server": {
      "inputs": {
        "flake-utils": "flake-utils_2",
        "nixpkgs": "nixpkgs_4"
      },
      "locked": {
        "lastModified": 1729422940,
        "narHash": "sha256-DlvJv33ml5UTKgu4b0HauOfFIoDx6QXtbqUF3vWeRCY=",
        "owner": "nix-community",
        "repo": "nixos-vscode-server",
        "rev": "8b6db451de46ecf9b4ab3d01ef76e59957ff549f",
        "type": "github"
      },
      "original": {
        "owner": "nix-community",
        "repo": "nixos-vscode-server",
        "type": "github"
      }
    },
    "xwayland-satellite-stable": {
      "flake": false,
      "locked": {
        "lastModified": 1739246919,
        "narHash": "sha256-/hBM43/Gd0/tW+egrhlWgOIISeJxEs2uAOIYVpfDKeU=",
        "owner": "Supreeeme",
        "repo": "xwayland-satellite",
        "rev": "44590a416d4a3e8220e19e29e0b6efe64a80315d",
        "type": "github"
      },
      "original": {
        "owner": "Supreeeme",
        "ref": "v0.5.1",
        "repo": "xwayland-satellite",
        "type": "github"
      }
    },
    "xwayland-satellite-unstable": {
      "flake": false,
      "locked": {
        "lastModified": 1749315541,
        "narHash": "sha256-bEik1BfVOFnWvtOrcOHluos/edJ8f+G2y1QySbt/0Ak=",
        "owner": "Supreeeme",
        "repo": "xwayland-satellite",
        "rev": "da2ecb5be816de35e2efe23a408a1c49fe8b11ba",
        "type": "github"
      },
      "original": {
        "owner": "Supreeeme",
        "repo": "xwayland-satellite",
        "type": "github"
      }
    }
  },
  "root": "root",
  "version": 7
}
